// !$*UTF8*$!
{
	archiveVersion = 1;
	classes = {
	};
	objectVersion = 46;
	objects = {

/* Begin PBXBuildFile section */
		955ADD061E247406005FC39A /* AppDelegate.swift in Sources */ = {isa = PBXBuildFile; fileRef = 955ADD051E247406005FC39A /* AppDelegate.swift */; };
		955ADD081E247406005FC39A /* ViewController.swift in Sources */ = {isa = PBXBuildFile; fileRef = 955ADD071E247406005FC39A /* ViewController.swift */; };
		955ADD0B1E247406005FC39A /* Main.storyboard in Resources */ = {isa = PBXBuildFile; fileRef = 955ADD091E247406005FC39A /* Main.storyboard */; };
		955ADD0D1E247406005FC39A /* Assets.xcassets in Resources */ = {isa = PBXBuildFile; fileRef = 955ADD0C1E247406005FC39A /* Assets.xcassets */; };
		955ADD101E247406005FC39A /* LaunchScreen.storyboard in Resources */ = {isa = PBXBuildFile; fileRef = 955ADD0E1E247406005FC39A /* LaunchScreen.storyboard */; };
		955ADD1B1E247406005FC39A /* PhotoTests.swift in Sources */ = {isa = PBXBuildFile; fileRef = 955ADD1A1E247406005FC39A /* PhotoTests.swift */; };
		955ADD261E247406005FC39A /* PhotoUITests.swift in Sources */ = {isa = PBXBuildFile; fileRef = 955ADD251E247406005FC39A /* PhotoUITests.swift */; };
		955ADD371E24773D005FC39A /* PhotoListViewController.swift in Sources */ = {isa = PBXBuildFile; fileRef = 955ADD361E24773D005FC39A /* PhotoListViewController.swift */; };
		955ADD3A1E247B1C005FC39A /* Localizable.strings in Resources */ = {isa = PBXBuildFile; fileRef = 955ADD3C1E247B1C005FC39A /* Localizable.strings */; };
		955ADD531E247C64005FC39A /* PhotoUtil.swift in Sources */ = {isa = PBXBuildFile; fileRef = 955ADD521E247C64005FC39A /* PhotoUtil.swift */; };
		955ADD551E247CE4005FC39A /* common.swift in Sources */ = {isa = PBXBuildFile; fileRef = 955ADD541E247CE4005FC39A /* common.swift */; };
		955ADD571E249209005FC39A /* PhotosViewController.swift in Sources */ = {isa = PBXBuildFile; fileRef = 955ADD561E249209005FC39A /* PhotosViewController.swift */; };
		955ADD591E249236005FC39A /* ScanPhotosViewController.swift in Sources */ = {isa = PBXBuildFile; fileRef = 955ADD581E249236005FC39A /* ScanPhotosViewController.swift */; };
		955ADD6D1E24BCB7005FC39A /* AssetCollection.swift in Sources */ = {isa = PBXBuildFile; fileRef = 955ADD6C1E24BCB7005FC39A /* AssetCollection.swift */; };
		955ADD6F1E24C190005FC39A /* CollectionCell.swift in Sources */ = {isa = PBXBuildFile; fileRef = 955ADD6E1E24C190005FC39A /* CollectionCell.swift */; };
		955ADD711E24C597005FC39A /* photos.bundle in Resources */ = {isa = PBXBuildFile; fileRef = 955ADD701E24C597005FC39A /* photos.bundle */; };
		955ADD731E24E21A005FC39A /* AssetItemCell.swift in Sources */ = {isa = PBXBuildFile; fileRef = 955ADD721E24E21A005FC39A /* AssetItemCell.swift */; };
		955ADD751E24E5F9005FC39A /* Asset.swift in Sources */ = {isa = PBXBuildFile; fileRef = 955ADD741E24E5F9005FC39A /* Asset.swift */; };
		955ADD781E25021F005FC39A /* hahhaha.m in Sources */ = {isa = PBXBuildFile; fileRef = 955ADD771E25021F005FC39A /* hahhaha.m */; };
		955ADD7A1E253413005FC39A /* ChoosePhotosDetailView.swift in Sources */ = {isa = PBXBuildFile; fileRef = 955ADD791E253413005FC39A /* ChoosePhotosDetailView.swift */; };
		955ADD7C1E253424005FC39A /* ChoosePhotosOperateView.swift in Sources */ = {isa = PBXBuildFile; fileRef = 955ADD7B1E253424005FC39A /* ChoosePhotosOperateView.swift */; };
		955ADD7E1E265A95005FC39A /* ShowOriginImageView.swift in Sources */ = {isa = PBXBuildFile; fileRef = 955ADD7D1E265A95005FC39A /* ShowOriginImageView.swift */; };
/* End PBXBuildFile section */

/* Begin PBXContainerItemProxy section */
		955ADD171E247406005FC39A /* PBXContainerItemProxy */ = {
			isa = PBXContainerItemProxy;
			containerPortal = 955ADCFA1E247406005FC39A /* Project object */;
			proxyType = 1;
			remoteGlobalIDString = 955ADD011E247406005FC39A;
			remoteInfo = Photo;
		};
		955ADD221E247406005FC39A /* PBXContainerItemProxy */ = {
			isa = PBXContainerItemProxy;
			containerPortal = 955ADCFA1E247406005FC39A /* Project object */;
			proxyType = 1;
			remoteGlobalIDString = 955ADD011E247406005FC39A;
			remoteInfo = Photo;
		};
/* End PBXContainerItemProxy section */

/* Begin PBXFileReference section */
		955ADD021E247406005FC39A /* Photo.app */ = {isa = PBXFileReference; explicitFileType = wrapper.application; includeInIndex = 0; path = Photo.app; sourceTree = BUILT_PRODUCTS_DIR; };
		955ADD051E247406005FC39A /* AppDelegate.swift */ = {isa = PBXFileReference; lastKnownFileType = sourcecode.swift; path = AppDelegate.swift; sourceTree = "<group>"; };
		955ADD071E247406005FC39A /* ViewController.swift */ = {isa = PBXFileReference; lastKnownFileType = sourcecode.swift; path = ViewController.swift; sourceTree = "<group>"; };
		955ADD0A1E247406005FC39A /* Base */ = {isa = PBXFileReference; lastKnownFileType = file.storyboard; name = Base; path = Base.lproj/Main.storyboard; sourceTree = "<group>"; };
		955ADD0C1E247406005FC39A /* Assets.xcassets */ = {isa = PBXFileReference; lastKnownFileType = folder.assetcatalog; path = Assets.xcassets; sourceTree = "<group>"; };
		955ADD0F1E247406005FC39A /* Base */ = {isa = PBXFileReference; lastKnownFileType = file.storyboard; name = Base; path = Base.lproj/LaunchScreen.storyboard; sourceTree = "<group>"; };
		955ADD111E247406005FC39A /* Info.plist */ = {isa = PBXFileReference; lastKnownFileType = text.plist.xml; path = Info.plist; sourceTree = "<group>"; };
		955ADD161E247406005FC39A /* PhotoTests.xctest */ = {isa = PBXFileReference; explicitFileType = wrapper.cfbundle; includeInIndex = 0; path = PhotoTests.xctest; sourceTree = BUILT_PRODUCTS_DIR; };
		955ADD1A1E247406005FC39A /* PhotoTests.swift */ = {isa = PBXFileReference; lastKnownFileType = sourcecode.swift; path = PhotoTests.swift; sourceTree = "<group>"; };
		955ADD1C1E247406005FC39A /* Info.plist */ = {isa = PBXFileReference; lastKnownFileType = text.plist.xml; path = Info.plist; sourceTree = "<group>"; };
		955ADD211E247406005FC39A /* PhotoUITests.xctest */ = {isa = PBXFileReference; explicitFileType = wrapper.cfbundle; includeInIndex = 0; path = PhotoUITests.xctest; sourceTree = BUILT_PRODUCTS_DIR; };
		955ADD251E247406005FC39A /* PhotoUITests.swift */ = {isa = PBXFileReference; lastKnownFileType = sourcecode.swift; path = PhotoUITests.swift; sourceTree = "<group>"; };
		955ADD271E247406005FC39A /* Info.plist */ = {isa = PBXFileReference; lastKnownFileType = text.plist.xml; path = Info.plist; sourceTree = "<group>"; };
		955ADD361E24773D005FC39A /* PhotoListViewController.swift */ = {isa = PBXFileReference; fileEncoding = 4; lastKnownFileType = sourcecode.swift; path = PhotoListViewController.swift; sourceTree = "<group>"; };
		955ADD3B1E247B1C005FC39A /* en */ = {isa = PBXFileReference; lastKnownFileType = text.plist.strings; name = en; path = en.lproj/Localizable.strings; sourceTree = "<group>"; };
		955ADD3E1E247B6A005FC39A /* zh-Hans */ = {isa = PBXFileReference; lastKnownFileType = text.plist.strings; name = "zh-Hans"; path = "zh-Hans.lproj/Main.strings"; sourceTree = "<group>"; };
		955ADD3F1E247B6A005FC39A /* zh-Hans */ = {isa = PBXFileReference; lastKnownFileType = text.plist.strings; name = "zh-Hans"; path = "zh-Hans.lproj/LaunchScreen.strings"; sourceTree = "<group>"; };
		955ADD401E247B6A005FC39A /* zh-Hans */ = {isa = PBXFileReference; lastKnownFileType = text.plist.strings; name = "zh-Hans"; path = "zh-Hans.lproj/Localizable.strings"; sourceTree = "<group>"; };
		955ADD521E247C64005FC39A /* PhotoUtil.swift */ = {isa = PBXFileReference; fileEncoding = 4; lastKnownFileType = sourcecode.swift; path = PhotoUtil.swift; sourceTree = "<group>"; };
		955ADD541E247CE4005FC39A /* common.swift */ = {isa = PBXFileReference; fileEncoding = 4; lastKnownFileType = sourcecode.swift; path = common.swift; sourceTree = "<group>"; };
		955ADD561E249209005FC39A /* PhotosViewController.swift */ = {isa = PBXFileReference; fileEncoding = 4; lastKnownFileType = sourcecode.swift; path = PhotosViewController.swift; sourceTree = "<group>"; };
		955ADD581E249236005FC39A /* ScanPhotosViewController.swift */ = {isa = PBXFileReference; fileEncoding = 4; lastKnownFileType = sourcecode.swift; path = ScanPhotosViewController.swift; sourceTree = "<group>"; };
		955ADD6C1E24BCB7005FC39A /* AssetCollection.swift */ = {isa = PBXFileReference; fileEncoding = 4; lastKnownFileType = sourcecode.swift; path = AssetCollection.swift; sourceTree = "<group>"; };
		955ADD6E1E24C190005FC39A /* CollectionCell.swift */ = {isa = PBXFileReference; fileEncoding = 4; lastKnownFileType = sourcecode.swift; path = CollectionCell.swift; sourceTree = "<group>"; };
		955ADD701E24C597005FC39A /* photos.bundle */ = {isa = PBXFileReference; lastKnownFileType = "wrapper.plug-in"; path = photos.bundle; sourceTree = "<group>"; };
		955ADD721E24E21A005FC39A /* AssetItemCell.swift */ = {isa = PBXFileReference; fileEncoding = 4; lastKnownFileType = sourcecode.swift; path = AssetItemCell.swift; sourceTree = "<group>"; };
		955ADD741E24E5F9005FC39A /* Asset.swift */ = {isa = PBXFileReference; fileEncoding = 4; lastKnownFileType = sourcecode.swift; path = Asset.swift; sourceTree = "<group>"; };
		955ADD761E25021F005FC39A /* hahhaha.h */ = {isa = PBXFileReference; fileEncoding = 4; lastKnownFileType = sourcecode.c.h; path = hahhaha.h; sourceTree = "<group>"; };
		955ADD771E25021F005FC39A /* hahhaha.m */ = {isa = PBXFileReference; fileEncoding = 4; lastKnownFileType = sourcecode.c.objc; path = hahhaha.m; sourceTree = "<group>"; };
		955ADD791E253413005FC39A /* ChoosePhotosDetailView.swift */ = {isa = PBXFileReference; fileEncoding = 4; lastKnownFileType = sourcecode.swift; path = ChoosePhotosDetailView.swift; sourceTree = "<group>"; };
		955ADD7B1E253424005FC39A /* ChoosePhotosOperateView.swift */ = {isa = PBXFileReference; fileEncoding = 4; lastKnownFileType = sourcecode.swift; path = ChoosePhotosOperateView.swift; sourceTree = "<group>"; };
		955ADD7D1E265A95005FC39A /* ShowOriginImageView.swift */ = {isa = PBXFileReference; fileEncoding = 4; lastKnownFileType = sourcecode.swift; path = ShowOriginImageView.swift; sourceTree = "<group>"; };
/* End PBXFileReference section */

/* Begin PBXFrameworksBuildPhase section */
		955ADCFF1E247406005FC39A /* Frameworks */ = {
			isa = PBXFrameworksBuildPhase;
			buildActionMask = 2147483647;
			files = (
			);
			runOnlyForDeploymentPostprocessing = 0;
		};
		955ADD131E247406005FC39A /* Frameworks */ = {
			isa = PBXFrameworksBuildPhase;
			buildActionMask = 2147483647;
			files = (
			);
			runOnlyForDeploymentPostprocessing = 0;
		};
		955ADD1E1E247406005FC39A /* Frameworks */ = {
			isa = PBXFrameworksBuildPhase;
			buildActionMask = 2147483647;
			files = (
			);
			runOnlyForDeploymentPostprocessing = 0;
		};
/* End PBXFrameworksBuildPhase section */

/* Begin PBXGroup section */
		955ADCF91E247406005FC39A = {
			isa = PBXGroup;
			children = (
				955ADD041E247406005FC39A /* Photo */,
				955ADD191E247406005FC39A /* PhotoTests */,
				955ADD241E247406005FC39A /* PhotoUITests */,
				955ADD031E247406005FC39A /* Products */,
			);
			sourceTree = "<group>";
		};
		955ADD031E247406005FC39A /* Products */ = {
			isa = PBXGroup;
			children = (
				955ADD021E247406005FC39A /* Photo.app */,
				955ADD161E247406005FC39A /* PhotoTests.xctest */,
				955ADD211E247406005FC39A /* PhotoUITests.xctest */,
			);
			name = Products;
			sourceTree = "<group>";
		};
		955ADD041E247406005FC39A /* Photo */ = {
			isa = PBXGroup;
			children = (
				955ADD051E247406005FC39A /* AppDelegate.swift */,
				955ADD351E247735005FC39A /* Photo */,
				955ADD071E247406005FC39A /* ViewController.swift */,
				955ADD091E247406005FC39A /* Main.storyboard */,
				955ADD0C1E247406005FC39A /* Assets.xcassets */,
				955ADD0E1E247406005FC39A /* LaunchScreen.storyboard */,
				955ADD111E247406005FC39A /* Info.plist */,
				955ADD761E25021F005FC39A /* hahhaha.h */,
				955ADD771E25021F005FC39A /* hahhaha.m */,
			);
			path = Photo;
			sourceTree = "<group>";
		};
		955ADD191E247406005FC39A /* PhotoTests */ = {
			isa = PBXGroup;
			children = (
				955ADD1A1E247406005FC39A /* PhotoTests.swift */,
				955ADD1C1E247406005FC39A /* Info.plist */,
			);
			path = PhotoTests;
			sourceTree = "<group>";
		};
		955ADD241E247406005FC39A /* PhotoUITests */ = {
			isa = PBXGroup;
			children = (
				955ADD251E247406005FC39A /* PhotoUITests.swift */,
				955ADD271E247406005FC39A /* Info.plist */,
			);
			path = PhotoUITests;
			sourceTree = "<group>";
		};
		955ADD351E247735005FC39A /* Photo */ = {
			isa = PBXGroup;
			children = (
				955ADD361E24773D005FC39A /* PhotoListViewController.swift */,
				955ADD561E249209005FC39A /* PhotosViewController.swift */,
				955ADD581E249236005FC39A /* ScanPhotosViewController.swift */,
				955ADD791E253413005FC39A /* ChoosePhotosDetailView.swift */,
				955ADD7B1E253424005FC39A /* ChoosePhotosOperateView.swift */,
				955ADD3C1E247B1C005FC39A /* Localizable.strings */,
				955ADD521E247C64005FC39A /* PhotoUtil.swift */,
				955ADD541E247CE4005FC39A /* common.swift */,
				955ADD6C1E24BCB7005FC39A /* AssetCollection.swift */,
				955ADD741E24E5F9005FC39A /* Asset.swift */,
				955ADD6E1E24C190005FC39A /* CollectionCell.swift */,
				955ADD701E24C597005FC39A /* photos.bundle */,
				955ADD721E24E21A005FC39A /* AssetItemCell.swift */,
				955ADD7D1E265A95005FC39A /* ShowOriginImageView.swift */,
			);
			path = Photo;
			sourceTree = "<group>";
		};
/* End PBXGroup section */

/* Begin PBXNativeTarget section */
		955ADD011E247406005FC39A /* Photo */ = {
			isa = PBXNativeTarget;
			buildConfigurationList = 955ADD2A1E247406005FC39A /* Build configuration list for PBXNativeTarget "Photo" */;
			buildPhases = (
				955ADCFE1E247406005FC39A /* Sources */,
				955ADCFF1E247406005FC39A /* Frameworks */,
				955ADD001E247406005FC39A /* Resources */,
			);
			buildRules = (
			);
			dependencies = (
			);
			name = Photo;
			productName = Photo;
			productReference = 955ADD021E247406005FC39A /* Photo.app */;
			productType = "com.apple.product-type.application";
		};
		955ADD151E247406005FC39A /* PhotoTests */ = {
			isa = PBXNativeTarget;
			buildConfigurationList = 955ADD2D1E247406005FC39A /* Build configuration list for PBXNativeTarget "PhotoTests" */;
			buildPhases = (
				955ADD121E247406005FC39A /* Sources */,
				955ADD131E247406005FC39A /* Frameworks */,
				955ADD141E247406005FC39A /* Resources */,
			);
			buildRules = (
			);
			dependencies = (
				955ADD181E247406005FC39A /* PBXTargetDependency */,
			);
			name = PhotoTests;
			productName = PhotoTests;
			productReference = 955ADD161E247406005FC39A /* PhotoTests.xctest */;
			productType = "com.apple.product-type.bundle.unit-test";
		};
		955ADD201E247406005FC39A /* PhotoUITests */ = {
			isa = PBXNativeTarget;
			buildConfigurationList = 955ADD301E247406005FC39A /* Build configuration list for PBXNativeTarget "PhotoUITests" */;
			buildPhases = (
				955ADD1D1E247406005FC39A /* Sources */,
				955ADD1E1E247406005FC39A /* Frameworks */,
				955ADD1F1E247406005FC39A /* Resources */,
			);
			buildRules = (
			);
			dependencies = (
				955ADD231E247406005FC39A /* PBXTargetDependency */,
			);
			name = PhotoUITests;
			productName = PhotoUITests;
			productReference = 955ADD211E247406005FC39A /* PhotoUITests.xctest */;
			productType = "com.apple.product-type.bundle.ui-testing";
		};
/* End PBXNativeTarget section */

/* Begin PBXProject section */
		955ADCFA1E247406005FC39A /* Project object */ = {
			isa = PBXProject;
			attributes = {
				LastSwiftUpdateCheck = 0820;
				LastUpgradeCheck = 0820;
				ORGANIZATIONNAME = "xss@ttyhuo.cn";
				TargetAttributes = {
					955ADD011E247406005FC39A = {
						CreatedOnToolsVersion = 8.2.1;
						DevelopmentTeam = 4EQZ8J8P9Y;
						LastSwiftMigration = 0820;
						ProvisioningStyle = Automatic;
					};
					955ADD151E247406005FC39A = {
						CreatedOnToolsVersion = 8.2.1;
						DevelopmentTeam = 4EQZ8J8P9Y;
						ProvisioningStyle = Automatic;
						TestTargetID = 955ADD011E247406005FC39A;
					};
					955ADD201E247406005FC39A = {
						CreatedOnToolsVersion = 8.2.1;
						DevelopmentTeam = 4EQZ8J8P9Y;
						ProvisioningStyle = Automatic;
						TestTargetID = 955ADD011E247406005FC39A;
					};
				};
			};
			buildConfigurationList = 955ADCFD1E247406005FC39A /* Build configuration list for PBXProject "Photo" */;
			compatibilityVersion = "Xcode 3.2";
			developmentRegion = English;
			hasScannedForEncodings = 0;
			knownRegions = (
				en,
				Base,
				"zh-Hans",
			);
			mainGroup = 955ADCF91E247406005FC39A;
			productRefGroup = 955ADD031E247406005FC39A /* Products */;
			projectDirPath = "";
			projectRoot = "";
			targets = (
				955ADD011E247406005FC39A /* Photo */,
				955ADD151E247406005FC39A /* PhotoTests */,
				955ADD201E247406005FC39A /* PhotoUITests */,
			);
		};
/* End PBXProject section */

/* Begin PBXResourcesBuildPhase section */
		955ADD001E247406005FC39A /* Resources */ = {
			isa = PBXResourcesBuildPhase;
			buildActionMask = 2147483647;
			files = (
				955ADD101E247406005FC39A /* LaunchScreen.storyboard in Resources */,
				955ADD711E24C597005FC39A /* photos.bundle in Resources */,
				955ADD3A1E247B1C005FC39A /* Localizable.strings in Resources */,
				955ADD0D1E247406005FC39A /* Assets.xcassets in Resources */,
				955ADD0B1E247406005FC39A /* Main.storyboard in Resources */,
			);
			runOnlyForDeploymentPostprocessing = 0;
		};
		955ADD141E247406005FC39A /* Resources */ = {
			isa = PBXResourcesBuildPhase;
			buildActionMask = 2147483647;
			files = (
			);
			runOnlyForDeploymentPostprocessing = 0;
		};
		955ADD1F1E247406005FC39A /* Resources */ = {
			isa = PBXResourcesBuildPhase;
			buildActionMask = 2147483647;
			files = (
			);
			runOnlyForDeploymentPostprocessing = 0;
		};
/* End PBXResourcesBuildPhase section */

/* Begin PBXSourcesBuildPhase section */
		955ADCFE1E247406005FC39A /* Sources */ = {
			isa = PBXSourcesBuildPhase;
			buildActionMask = 2147483647;
			files = (
				955ADD081E247406005FC39A /* ViewController.swift in Sources */,
				955ADD531E247C64005FC39A /* PhotoUtil.swift in Sources */,
				955ADD7E1E265A95005FC39A /* ShowOriginImageView.swift in Sources */,
				955ADD6F1E24C190005FC39A /* CollectionCell.swift in Sources */,
				955ADD751E24E5F9005FC39A /* Asset.swift in Sources */,
				955ADD7A1E253413005FC39A /* ChoosePhotosDetailView.swift in Sources */,
				955ADD7C1E253424005FC39A /* ChoosePhotosOperateView.swift in Sources */,
				955ADD061E247406005FC39A /* AppDelegate.swift in Sources */,
				955ADD571E249209005FC39A /* PhotosViewController.swift in Sources */,
				955ADD731E24E21A005FC39A /* AssetItemCell.swift in Sources */,
				955ADD6D1E24BCB7005FC39A /* AssetCollection.swift in Sources */,
				955ADD591E249236005FC39A /* ScanPhotosViewController.swift in Sources */,
				955ADD371E24773D005FC39A /* PhotoListViewController.swift in Sources */,
				955ADD551E247CE4005FC39A /* common.swift in Sources */,
				955ADD781E25021F005FC39A /* hahhaha.m in Sources */,
			);
			runOnlyForDeploymentPostprocessing = 0;
		};
		955ADD121E247406005FC39A /* Sources */ = {
			isa = PBXSourcesBuildPhase;
			buildActionMask = 2147483647;
			files = (
				955ADD1B1E247406005FC39A /* PhotoTests.swift in Sources */,
			);
			runOnlyForDeploymentPostprocessing = 0;
		};
		955ADD1D1E247406005FC39A /* Sources */ = {
			isa = PBXSourcesBuildPhase;
			buildActionMask = 2147483647;
			files = (
				955ADD261E247406005FC39A /* PhotoUITests.swift in Sources */,
			);
			runOnlyForDeploymentPostprocessing = 0;
		};
/* End PBXSourcesBuildPhase section */

/* Begin PBXTargetDependency section */
		955ADD181E247406005FC39A /* PBXTargetDependency */ = {
			isa = PBXTargetDependency;
			target = 955ADD011E247406005FC39A /* Photo */;
			targetProxy = 955ADD171E247406005FC39A /* PBXContainerItemProxy */;
		};
		955ADD231E247406005FC39A /* PBXTargetDependency */ = {
			isa = PBXTargetDependency;
			target = 955ADD011E247406005FC39A /* Photo */;
			targetProxy = 955ADD221E247406005FC39A /* PBXContainerItemProxy */;
		};
/* End PBXTargetDependency section */

/* Begin PBXVariantGroup section */
		955ADD091E247406005FC39A /* Main.storyboard */ = {
			isa = PBXVariantGroup;
			children = (
				955ADD0A1E247406005FC39A /* Base */,
				955ADD3E1E247B6A005FC39A /* zh-Hans */,
			);
			name = Main.storyboard;
			sourceTree = "<group>";
		};
		955ADD0E1E247406005FC39A /* LaunchScreen.storyboard */ = {
			isa = PBXVariantGroup;
			children = (
				955ADD0F1E247406005FC39A /* Base */,
				955ADD3F1E247B6A005FC39A /* zh-Hans */,
			);
			name = LaunchScreen.storyboard;
			sourceTree = "<group>";
		};
		955ADD3C1E247B1C005FC39A /* Localizable.strings */ = {
			isa = PBXVariantGroup;
			children = (
				955ADD3B1E247B1C005FC39A /* en */,
				955ADD401E247B6A005FC39A /* zh-Hans */,
			);
			name = Localizable.strings;
			sourceTree = "<group>";
		};
/* End PBXVariantGroup section */

/* Begin XCBuildConfiguration section */
		955ADD281E247406005FC39A /* Debug */ = {
			isa = XCBuildConfiguration;
			buildSettings = {
				ALWAYS_SEARCH_USER_PATHS = NO;
				CLANG_ANALYZER_LOCALIZABILITY_NONLOCALIZED = YES;
				CLANG_ANALYZER_NONNULL = YES;
				CLANG_CXX_LANGUAGE_STANDARD = "gnu++0x";
				CLANG_CXX_LIBRARY = "libc++";
				CLANG_ENABLE_MODULES = YES;
				CLANG_ENABLE_OBJC_ARC = YES;
				CLANG_WARN_BOOL_CONVERSION = YES;
				CLANG_WARN_CONSTANT_CONVERSION = YES;
				CLANG_WARN_DIRECT_OBJC_ISA_USAGE = YES_ERROR;
				CLANG_WARN_DOCUMENTATION_COMMENTS = YES;
				CLANG_WARN_EMPTY_BODY = YES;
				CLANG_WARN_ENUM_CONVERSION = YES;
				CLANG_WARN_INFINITE_RECURSION = YES;
				CLANG_WARN_INT_CONVERSION = YES;
				CLANG_WARN_OBJC_ROOT_CLASS = YES_ERROR;
				CLANG_WARN_SUSPICIOUS_MOVE = YES;
				CLANG_WARN_UNREACHABLE_CODE = YES;
				CLANG_WARN__DUPLICATE_METHOD_MATCH = YES;
				"CODE_SIGN_IDENTITY[sdk=iphoneos*]" = "iPhone Developer";
				COPY_PHASE_STRIP = NO;
				DEBUG_INFORMATION_FORMAT = dwarf;
				ENABLE_STRICT_OBJC_MSGSEND = YES;
				ENABLE_TESTABILITY = YES;
				GCC_C_LANGUAGE_STANDARD = gnu99;
				GCC_DYNAMIC_NO_PIC = NO;
				GCC_NO_COMMON_BLOCKS = YES;
				GCC_OPTIMIZATION_LEVEL = 0;
				GCC_PREPROCESSOR_DEFINITIONS = (
					"DEBUG=1",
					"$(inherited)",
				);
				GCC_WARN_64_TO_32_BIT_CONVERSION = YES;
				GCC_WARN_ABOUT_RETURN_TYPE = YES_ERROR;
				GCC_WARN_UNDECLARED_SELECTOR = YES;
				GCC_WARN_UNINITIALIZED_AUTOS = YES_AGGRESSIVE;
				GCC_WARN_UNUSED_FUNCTION = YES;
				GCC_WARN_UNUSED_VARIABLE = YES;
				IPHONEOS_DEPLOYMENT_TARGET = 10.2;
				MTL_ENABLE_DEBUG_INFO = YES;
				ONLY_ACTIVE_ARCH = YES;
				SDKROOT = iphoneos;
				SWIFT_ACTIVE_COMPILATION_CONDITIONS = DEBUG;
				SWIFT_OPTIMIZATION_LEVEL = "-Onone";
				TARGETED_DEVICE_FAMILY = "1,2";
			};
			name = Debug;
		};
		955ADD291E247406005FC39A /* Release */ = {
			isa = XCBuildConfiguration;
			buildSettings = {
				ALWAYS_SEARCH_USER_PATHS = NO;
				CLANG_ANALYZER_LOCALIZABILITY_NONLOCALIZED = YES;
				CLANG_ANALYZER_NONNULL = YES;
				CLANG_CXX_LANGUAGE_STANDARD = "gnu++0x";
				CLANG_CXX_LIBRARY = "libc++";
				CLANG_ENABLE_MODULES = YES;
				CLANG_ENABLE_OBJC_ARC = YES;
				CLANG_WARN_BOOL_CONVERSION = YES;
				CLANG_WARN_CONSTANT_CONVERSION = YES;
				CLANG_WARN_DIRECT_OBJC_ISA_USAGE = YES_ERROR;
				CLANG_WARN_DOCUMENTATION_COMMENTS = YES;
				CLANG_WARN_EMPTY_BODY = YES;
				CLANG_WARN_ENUM_CONVERSION = YES;
				CLANG_WARN_INFINITE_RECURSION = YES;
				CLANG_WARN_INT_CONVERSION = YES;
				CLANG_WARN_OBJC_ROOT_CLASS = YES_ERROR;
				CLANG_WARN_SUSPICIOUS_MOVE = YES;
				CLANG_WARN_UNREACHABLE_CODE = YES;
				CLANG_WARN__DUPLICATE_METHOD_MATCH = YES;
				"CODE_SIGN_IDENTITY[sdk=iphoneos*]" = "iPhone Developer";
				COPY_PHASE_STRIP = NO;
				DEBUG_INFORMATION_FORMAT = "dwarf-with-dsym";
				ENABLE_NS_ASSERTIONS = NO;
				ENABLE_STRICT_OBJC_MSGSEND = YES;
				GCC_C_LANGUAGE_STANDARD = gnu99;
				GCC_NO_COMMON_BLOCKS = YES;
				GCC_WARN_64_TO_32_BIT_CONVERSION = YES;
				GCC_WARN_ABOUT_RETURN_TYPE = YES_ERROR;
				GCC_WARN_UNDECLARED_SELECTOR = YES;
				GCC_WARN_UNINITIALIZED_AUTOS = YES_AGGRESSIVE;
				GCC_WARN_UNUSED_FUNCTION = YES;
				GCC_WARN_UNUSED_VARIABLE = YES;
				IPHONEOS_DEPLOYMENT_TARGET = 10.2;
				MTL_ENABLE_DEBUG_INFO = NO;
				SDKROOT = iphoneos;
				SWIFT_OPTIMIZATION_LEVEL = "-Owholemodule";
				TARGETED_DEVICE_FAMILY = "1,2";
				VALIDATE_PRODUCT = YES;
			};
			name = Release;
		};
		955ADD2B1E247406005FC39A /* Debug */ = {
			isa = XCBuildConfiguration;
			buildSettings = {
				ASSETCATALOG_COMPILER_APPICON_NAME = AppIcon;
				CLANG_ENABLE_MODULES = YES;
				DEVELOPMENT_TEAM = 4EQZ8J8P9Y;
				INFOPLIST_FILE = Photo/Info.plist;
				LD_RUNPATH_SEARCH_PATHS = "$(inherited) @executable_path/Frameworks";
				PRODUCT_BUNDLE_IDENTIFIER = aaaa.Photo;
				PRODUCT_NAME = "$(TARGET_NAME)";
				SWIFT_OPTIMIZATION_LEVEL = "-Onone";
				SWIFT_VERSION = 3.0;
			};
			name = Debug;
		};
		955ADD2C1E247406005FC39A /* Release */ = {
			isa = XCBuildConfiguration;
			buildSettings = {
				ASSETCATALOG_COMPILER_APPICON_NAME = AppIcon;
				CLANG_ENABLE_MODULES = YES;
				DEVELOPMENT_TEAM = 4EQZ8J8P9Y;
				INFOPLIST_FILE = Photo/Info.plist;
				LD_RUNPATH_SEARCH_PATHS = "$(inherited) @executable_path/Frameworks";
				PRODUCT_BUNDLE_IDENTIFIER = aaaa.Photo;
				PRODUCT_NAME = "$(TARGET_NAME)";
				SWIFT_VERSION = 3.0;
			};
			name = Release;
		};
		955ADD2E1E247406005FC39A /* Debug */ = {
			isa = XCBuildConfiguration;
			buildSettings = {
				ALWAYS_EMBED_SWIFT_STANDARD_LIBRARIES = YES;
				BUNDLE_LOADER = "$(TEST_HOST)";
				DEVELOPMENT_TEAM = 4EQZ8J8P9Y;
				INFOPLIST_FILE = PhotoTests/Info.plist;
				LD_RUNPATH_SEARCH_PATHS = "$(inherited) @executable_path/Frameworks @loader_path/Frameworks";
				PRODUCT_BUNDLE_IDENTIFIER = aaaa.PhotoTests;
				PRODUCT_NAME = "$(TARGET_NAME)";
				SWIFT_VERSION = 3.0;
				TEST_HOST = "$(BUILT_PRODUCTS_DIR)/Photo.app/Photo";
			};
			name = Debug;
		};
		955ADD2F1E247406005FC39A /* Release */ = {
			isa = XCBuildConfiguration;
			buildSettings = {
				ALWAYS_EMBED_SWIFT_STANDARD_LIBRARIES = YES;
				BUNDLE_LOADER = "$(TEST_HOST)";
				DEVELOPMENT_TEAM = 4EQZ8J8P9Y;
				INFOPLIST_FILE = PhotoTests/Info.plist;
				LD_RUNPATH_SEARCH_PATHS = "$(inherited) @executable_path/Frameworks @loader_path/Frameworks";
				PRODUCT_BUNDLE_IDENTIFIER = aaaa.PhotoTests;
				PRODUCT_NAME = "$(TARGET_NAME)";
				SWIFT_VERSION = 3.0;
				TEST_HOST = "$(BUILT_PRODUCTS_DIR)/Photo.app/Photo";
			};
			name = Release;
		};
		955ADD311E247406005FC39A /* Debug */ = {
			isa = XCBuildConfiguration;
			buildSettings = {
				ALWAYS_EMBED_SWIFT_STANDARD_LIBRARIES = YES;
				DEVELOPMENT_TEAM = 4EQZ8J8P9Y;
				INFOPLIST_FILE = PhotoUITests/Info.plist;
				LD_RUNPATH_SEARCH_PATHS = "$(inherited) @executable_path/Frameworks @loader_path/Frameworks";
				PRODUCT_BUNDLE_IDENTIFIER = aaaa.PhotoUITests;
				PRODUCT_NAME = "$(TARGET_NAME)";
				SWIFT_VERSION = 3.0;
				TEST_TARGET_NAME = Photo;
			};
			name = Debug;
		};
		955ADD321E247406005FC39A /* Release */ = {
			isa = XCBuildConfiguration;
			buildSettings = {
				ALWAYS_EMBED_SWIFT_STANDARD_LIBRARIES = YES;
				DEVELOPMENT_TEAM = 4EQZ8J8P9Y;
				INFOPLIST_FILE = PhotoUITests/Info.plist;
				LD_RUNPATH_SEARCH_PATHS = "$(inherited) @executable_path/Frameworks @loader_path/Frameworks";
				PRODUCT_BUNDLE_IDENTIFIER = aaaa.PhotoUITests;
				PRODUCT_NAME = "$(TARGET_NAME)";
				SWIFT_VERSION = 3.0;
				TEST_TARGET_NAME = Photo;
			};
			name = Release;
		};
/* End XCBuildConfiguration section */

/* Begin XCConfigurationList section */
		955ADCFD1E247406005FC39A /* Build configuration list for PBXProject "Photo" */ = {
			isa = XCConfigurationList;
			buildConfigurations = (
				955ADD281E247406005FC39A /* Debug */,
				955ADD291E247406005FC39A /* Release */,
			);
			defaultConfigurationIsVisible = 0;
			defaultConfigurationName = Release;
		};
		955ADD2A1E247406005FC39A /* Build configuration list for PBXNativeTarget "Photo" */ = {
			isa = XCConfigurationList;
			buildConfigurations = (
				955ADD2B1E247406005FC39A /* Debug */,
				955ADD2C1E247406005FC39A /* Release */,
			);
			defaultConfigurationIsVisible = 0;
			defaultConfigurationName = Release;
		};
		955ADD2D1E247406005FC39A /* Build configuration list for PBXNativeTarget "PhotoTests" */ = {
			isa = XCConfigurationList;
			buildConfigurations = (
				955ADD2E1E247406005FC39A /* Debug */,
				955ADD2F1E247406005FC39A /* Release */,
			);
			defaultConfigurationIsVisible = 0;
			defaultConfigurationName = Release;
		};
		955ADD301E247406005FC39A /* Build configuration list for PBXNativeTarget "PhotoUITests" */ = {
			isa = XCConfigurationList;
			buildConfigurations = (
				955ADD311E247406005FC39A /* Debug */,
				955ADD321E247406005FC39A /* Release */,
			);
			defaultConfigurationIsVisible = 0;
			defaultConfigurationName = Release;
		};
/* End XCConfigurationList section */
	};
	rootObject = 955ADCFA1E247406005FC39A /* Project object */;
}
